// !$*UTF8*$!
{
	archiveVersion = 1;
	classes = {
	};
	objectVersion = 55;
	objects = {

/* Begin PBXBuildFile section */
		EB7EF55E28B2909600CFB065 /* AppDelegate.swift in Sources */ = {isa = PBXBuildFile; fileRef = EB7EF55D28B2909600CFB065 /* AppDelegate.swift */; };
		EB7EF56028B2909600CFB065 /* SceneDelegate.swift in Sources */ = {isa = PBXBuildFile; fileRef = EB7EF55F28B2909600CFB065 /* SceneDelegate.swift */; };
		EB7EF56228B2909600CFB065 /* ViewController.swift in Sources */ = {isa = PBXBuildFile; fileRef = EB7EF56128B2909600CFB065 /* ViewController.swift */; };
		EB7EF56528B2909600CFB065 /* Main.storyboard in Resources */ = {isa = PBXBuildFile; fileRef = EB7EF56328B2909600CFB065 /* Main.storyboard */; };
		EB7EF56728B2909A00CFB065 /* Assets.xcassets in Resources */ = {isa = PBXBuildFile; fileRef = EB7EF56628B2909A00CFB065 /* Assets.xcassets */; };
		EB7EF56A28B2909A00CFB065 /* LaunchScreen.storyboard in Resources */ = {isa = PBXBuildFile; fileRef = EB7EF56828B2909A00CFB065 /* LaunchScreen.storyboard */; };
		EB7EF57228B2938200CFB065 /* DetailViewController.swift in Sources */ = {isa = PBXBuildFile; fileRef = EB7EF57128B2938200CFB065 /* DetailViewController.swift */; };
		EB7EF57428B295FA00CFB065 /* CountriesData.json in Resources */ = {isa = PBXBuildFile; fileRef = EB7EF57328B295FA00CFB065 /* CountriesData.json */; };
		EB7EF57628B297E100CFB065 /* Country.swift in Sources */ = {isa = PBXBuildFile; fileRef = EB7EF57528B297E100CFB065 /* Country.swift */; };
/* End PBXBuildFile section */

/* Begin PBXFileReference section */
		EB7EF55A28B2909600CFB065 /* Milestone 13-15.app */ = {isa = PBXFileReference; explicitFileType = wrapper.application; includeInIndex = 0; path = "Milestone 13-15.app"; sourceTree = BUILT_PRODUCTS_DIR; };
		EB7EF55D28B2909600CFB065 /* AppDelegate.swift */ = {isa = PBXFileReference; lastKnownFileType = sourcecode.swift; path = AppDelegate.swift; sourceTree = "<group>"; };
		EB7EF55F28B2909600CFB065 /* SceneDelegate.swift */ = {isa = PBXFileReference; lastKnownFileType = sourcecode.swift; path = SceneDelegate.swift; sourceTree = "<group>"; };
		EB7EF56128B2909600CFB065 /* ViewController.swift */ = {isa = PBXFileReference; lastKnownFileType = sourcecode.swift; path = ViewController.swift; sourceTree = "<group>"; };
		EB7EF56428B2909600CFB065 /* Base */ = {isa = PBXFileReference; lastKnownFileType = file.storyboard; name = Base; path = Base.lproj/Main.storyboard; sourceTree = "<group>"; };
		EB7EF56628B2909A00CFB065 /* Assets.xcassets */ = {isa = PBXFileReference; lastKnownFileType = folder.assetcatalog; path = Assets.xcassets; sourceTree = "<group>"; };
		EB7EF56928B2909A00CFB065 /* Base */ = {isa = PBXFileReference; lastKnownFileType = file.storyboard; name = Base; path = Base.lproj/LaunchScreen.storyboard; sourceTree = "<group>"; };
		EB7EF56B28B2909A00CFB065 /* Info.plist */ = {isa = PBXFileReference; lastKnownFileType = text.plist.xml; path = Info.plist; sourceTree = "<group>"; };
		EB7EF57128B2938200CFB065 /* DetailViewController.swift */ = {isa = PBXFileReference; lastKnownFileType = sourcecode.swift; path = DetailViewController.swift; sourceTree = "<group>"; };
		EB7EF57328B295FA00CFB065 /* CountriesData.json */ = {isa = PBXFileReference; lastKnownFileType = text.json; path = CountriesData.json; sourceTree = "<group>"; };
		EB7EF57528B297E100CFB065 /* Country.swift */ = {isa = PBXFileReference; lastKnownFileType = sourcecode.swift; path = Country.swift; sourceTree = "<group>"; };
/* End PBXFileReference section */

/* Begin PBXFrameworksBuildPhase section */
		EB7EF55728B2909600CFB065 /* Frameworks */ = {
			isa = PBXFrameworksBuildPhase;
			buildActionMask = 2147483647;
			files = (
			);
			runOnlyForDeploymentPostprocessing = 0;
		};
/* End PBXFrameworksBuildPhase section */

/* Begin PBXGroup section */
		EB7EF55128B2909600CFB065 = {
			isa = PBXGroup;
			children = (
				EB7EF55C28B2909600CFB065 /* Milestone 13-15 */,
				EB7EF55B28B2909600CFB065 /* Products */,
			);
			sourceTree = "<group>";
		};
		EB7EF55B28B2909600CFB065 /* Products */ = {
			isa = PBXGroup;
			children = (
				EB7EF55A28B2909600CFB065 /* Milestone 13-15.app */,
			);
			name = Products;
			sourceTree = "<group>";
		};
		EB7EF55C28B2909600CFB065 /* Milestone 13-15 */ = {
			isa = PBXGroup;
			children = (
				EB7EF55D28B2909600CFB065 /* AppDelegate.swift */,
				EB7EF55F28B2909600CFB065 /* SceneDelegate.swift */,
				EB7EF56128B2909600CFB065 /* ViewController.swift */,
				EB7EF57128B2938200CFB065 /* DetailViewController.swift */,
				EB7EF57528B297E100CFB065 /* Country.swift */,
				EB7EF57328B295FA00CFB065 /* CountriesData.json */,
				EB7EF56328B2909600CFB065 /* Main.storyboard */,
				EB7EF56628B2909A00CFB065 /* Assets.xcassets */,
				EB7EF56828B2909A00CFB065 /* LaunchScreen.storyboard */,
				EB7EF56B28B2909A00CFB065 /* Info.plist */,
			);
			path = "Milestone 13-15";
			sourceTree = "<group>";
		};
/* End PBXGroup section */

/* Begin PBXNativeTarget section */
		EB7EF55928B2909600CFB065 /* Milestone 13-15 */ = {
			isa = PBXNativeTarget;
			buildConfigurationList = EB7EF56E28B2909A00CFB065 /* Build configuration list for PBXNativeTarget "Milestone 13-15" */;
			buildPhases = (
				EB7EF55628B2909600CFB065 /* Sources */,
				EB7EF55728B2909600CFB065 /* Frameworks */,
				EB7EF55828B2909600CFB065 /* Resources */,
			);
			buildRules = (
			);
			dependencies = (
			);
			name = "Milestone 13-15";
			productName = "Milestone 13-15";
			productReference = EB7EF55A28B2909600CFB065 /* Milestone 13-15.app */;
			productType = "com.apple.product-type.application";
		};
/* End PBXNativeTarget section */

/* Begin PBXProject section */
		EB7EF55228B2909600CFB065 /* Project object */ = {
			isa = PBXProject;
			attributes = {
				BuildIndependentTargetsInParallel = 1;
				LastSwiftUpdateCheck = 1340;
				LastUpgradeCheck = 1340;
				TargetAttributes = {
					EB7EF55928B2909600CFB065 = {
						CreatedOnToolsVersion = 13.4.1;
					};
				};
			};
			buildConfigurationList = EB7EF55528B2909600CFB065 /* Build configuration list for PBXProject "Milestone 13-15" */;
			compatibilityVersion = "Xcode 13.0";
			developmentRegion = en;
			hasScannedForEncodings = 0;
			knownRegions = (
				en,
				Base,
			);
			mainGroup = EB7EF55128B2909600CFB065;
			productRefGroup = EB7EF55B28B2909600CFB065 /* Products */;
			projectDirPath = "";
			projectRoot = "";
			targets = (
				EB7EF55928B2909600CFB065 /* Milestone 13-15 */,
			);
		};
/* End PBXProject section */

/* Begin PBXResourcesBuildPhase section */
		EB7EF55828B2909600CFB065 /* Resources */ = {
			isa = PBXResourcesBuildPhase;
			buildActionMask = 2147483647;
			files = (
				EB7EF56A28B2909A00CFB065 /* LaunchScreen.storyboard in Resources */,
				EB7EF56728B2909A00CFB065 /* Assets.xcassets in Resources */,
				EB7EF56528B2909600CFB065 /* Main.storyboard in Resources */,
				EB7EF57428B295FA00CFB065 /* CountriesData.json in Resources */,
			);
			runOnlyForDeploymentPostprocessing = 0;
		};
/* End PBXResourcesBuildPhase section */

/* Begin PBXSourcesBuildPhase section */
		EB7EF55628B2909600CFB065 /* Sources */ = {
			isa = PBXSourcesBuildPhase;
			buildActionMask = 2147483647;
			files = (
				EB7EF56228B2909600CFB065 /* ViewController.swift in Sources */,
				EB7EF55E28B2909600CFB065 /* AppDelegate.swift in Sources */,
				EB7EF56028B2909600CFB065 /* SceneDelegate.swift in Sources */,
				EB7EF57628B297E100CFB065 /* Country.swift in Sources */,
				EB7EF57228B2938200CFB065 /* DetailViewController.swift in Sources */,
			);
			runOnlyForDeploymentPostprocessing = 0;
		};
/* End PBXSourcesBuildPhase section */

/* Begin PBXVariantGroup section */
		EB7EF56328B2909600CFB065 /* Main.storyboard */ = {
			isa = PBXVariantGroup;
			children = (
				EB7EF56428B2909600CFB065 /* Base */,
			);
			name = Main.storyboard;
			sourceTree = "<group>";
		};
		EB7EF56828B2909A00CFB065 /* LaunchScreen.storyboard */ = {
			isa = PBXVariantGroup;
			children = (
				EB7EF56928B2909A00CFB065 /* Base */,
			);
			name = LaunchScreen.storyboard;
			sourceTree = "<group>";
		};
/* End PBXVariantGroup section */

/* Begin XCBuildConfiguration section */
		EB7EF56C28B2909A00CFB065 /* Debug */ = {
			isa = XCBuildConfiguration;
			buildSettings = {
				ALWAYS_SEARCH_USER_PATHS = NO;
				CLANG_ANALYZER_NONNULL = YES;
				CLANG_ANALYZER_NUMBER_OBJECT_CONVERSION = YES_AGGRESSIVE;
				CLANG_CXX_LANGUAGE_STANDARD = "gnu++17";
				CLANG_ENABLE_MODULES = YES;
				CLANG_ENABLE_OBJC_ARC = YES;
				CLANG_ENABLE_OBJC_WEAK = YES;
				CLANG_WARN_BLOCK_CAPTURE_AUTORELEASING = YES;
				CLANG_WARN_BOOL_CONVERSION = YES;
				CLANG_WARN_COMMA = YES;
				CLANG_WARN_CONSTANT_CONVERSION = YES;
				CLANG_WARN_DEPRECATED_OBJC_IMPLEMENTATIONS = YES;
				CLANG_WARN_DIRECT_OBJC_ISA_USAGE = YES_ERROR;
				CLANG_WARN_DOCUMENTATION_COMMENTS = YES;
				CLANG_WARN_EMPTY_BODY = YES;
				CLANG_WARN_ENUM_CONVERSION = YES;
				CLANG_WARN_INFINITE_RECURSION = YES;
				CLANG_WARN_INT_CONVERSION = YES;
				CLANG_WARN_NON_LITERAL_NULL_CONVERSION = YES;
				CLANG_WARN_OBJC_IMPLICIT_RETAIN_SELF = YES;
				CLANG_WARN_OBJC_LITERAL_CONVERSION = YES;
				CLANG_WARN_OBJC_ROOT_CLASS = YES_ERROR;
				CLANG_WARN_QUOTED_INCLUDE_IN_FRAMEWORK_HEADER = YES;
				CLANG_WARN_RANGE_LOOP_ANALYSIS = YES;
				CLANG_WARN_STRICT_PROTOTYPES = YES;
				CLANG_WARN_SUSPICIOUS_MOVE = YES;
				CLANG_WARN_UNGUARDED_AVAILABILITY = YES_AGGRESSIVE;
				CLANG_WARN_UNREACHABLE_CODE = YES;
				CLANG_WARN__DUPLICATE_METHOD_MATCH = YES;
				COPY_PHASE_STRIP = NO;
				DEBUG_INFORMATION_FORMAT = dwarf;
				ENABLE_STRICT_OBJC_MSGSEND = YES;
				ENABLE_TESTABILITY = YES;
				GCC_C_LANGUAGE_STANDARD = gnu11;
				GCC_DYNAMIC_NO_PIC = NO;
				GCC_NO_COMMON_BLOCKS = YES;
				GCC_OPTIMIZATION_LEVEL = 0;
				GCC_PREPROCESSOR_DEFINITIONS = (
					"DEBUG=1",
					"$(inherited)",
				);
				GCC_WARN_64_TO_32_BIT_CONVERSION = YES;
				GCC_WARN_ABOUT_RETURN_TYPE = YES_ERROR;
				GCC_WARN_UNDECLARED_SELECTOR = YES;
				GCC_WARN_UNINITIALIZED_AUTOS = YES_AGGRESSIVE;
				GCC_WARN_UNUSED_FUNCTION = YES;
				GCC_WARN_UNUSED_VARIABLE = YES;
				IPHONEOS_DEPLOYMENT_TARGET = 15.5;
				MTL_ENABLE_DEBUG_INFO = INCLUDE_SOURCE;
				MTL_FAST_MATH = YES;
				ONLY_ACTIVE_ARCH = YES;
				SDKROOT = iphoneos;
				SWIFT_ACTIVE_COMPILATION_CONDITIONS = DEBUG;
				SWIFT_OPTIMIZATION_LEVEL = "-Onone";
			};
			name = Debug;
		};
		EB7EF56D28B2909A00CFB065 /* Release */ = {
			isa = XCBuildConfiguration;
			buildSettings = {
				ALWAYS_SEARCH_USER_PATHS = NO;
				CLANG_ANALYZER_NONNULL = YES;
				CLANG_ANALYZER_NUMBER_OBJECT_CONVERSION = YES_AGGRESSIVE;
				CLANG_CXX_LANGUAGE_STANDARD = "gnu++17";
				CLANG_ENABLE_MODULES = YES;
				CLANG_ENABLE_OBJC_ARC = YES;
				CLANG_ENABLE_OBJC_WEAK = YES;
				CLANG_WARN_BLOCK_CAPTURE_AUTORELEASING = YES;
				CLANG_WARN_BOOL_CONVERSION = YES;
				CLANG_WARN_COMMA = YES;
				CLANG_WARN_CONSTANT_CONVERSION = YES;
				CLANG_WARN_DEPRECATED_OBJC_IMPLEMENTATIONS = YES;
				CLANG_WARN_DIRECT_OBJC_ISA_USAGE = YES_ERROR;
				CLANG_WARN_DOCUMENTATION_COMMENTS = YES;
				CLANG_WARN_EMPTY_BODY = YES;
				CLANG_WARN_ENUM_CONVERSION = YES;
				CLANG_WARN_INFINITE_RECURSION = YES;
				CLANG_WARN_INT_CONVERSION = YES;
				CLANG_WARN_NON_LITERAL_NULL_CONVERSION = YES;
				CLANG_WARN_OBJC_IMPLICIT_RETAIN_SELF = YES;
				CLANG_WARN_OBJC_LITERAL_CONVERSION = YES;
				CLANG_WARN_OBJC_ROOT_CLASS = YES_ERROR;
				CLANG_WARN_QUOTED_INCLUDE_IN_FRAMEWORK_HEADER = YES;
				CLANG_WARN_RANGE_LOOP_ANALYSIS = YES;
				CLANG_WARN_STRICT_PROTOTYPES = YES;
				CLANG_WARN_SUSPICIOUS_MOVE = YES;
				CLANG_WARN_UNGUARDED_AVAILABILITY = YES_AGGRESSIVE;
				CLANG_WARN_UNREACHABLE_CODE = YES;
				CLANG_WARN__DUPLICATE_METHOD_MATCH = YES;
				COPY_PHASE_STRIP = NO;
				DEBUG_INFORMATION_FORMAT = "dwarf-with-dsym";
				ENABLE_NS_ASSERTIONS = NO;
				ENABLE_STRICT_OBJC_MSGSEND = YES;
				GCC_C_LANGUAGE_STANDARD = gnu11;
				GCC_NO_COMMON_BLOCKS = YES;
				GCC_WARN_64_TO_32_BIT_CONVERSION = YES;
				GCC_WARN_ABOUT_RETURN_TYPE = YES_ERROR;
				GCC_WARN_UNDECLARED_SELECTOR = YES;
				GCC_WARN_UNINITIALIZED_AUTOS = YES_AGGRESSIVE;
				GCC_WARN_UNUSED_FUNCTION = YES;
				GCC_WARN_UNUSED_VARIABLE = YES;
				IPHONEOS_DEPLOYMENT_TARGET = 15.5;
				MTL_ENABLE_DEBUG_INFO = NO;
				MTL_FAST_MATH = YES;
				SDKROOT = iphoneos;
				SWIFT_COMPILATION_MODE = wholemodule;
				SWIFT_OPTIMIZATION_LEVEL = "-O";
				VALIDATE_PRODUCT = YES;
			};
			name = Release;
		};
		EB7EF56F28B2909A00CFB065 /* Debug */ = {
			isa = XCBuildConfiguration;
			buildSettings = {
				ASSETCATALOG_COMPILER_APPICON_NAME = AppIcon;
				ASSETCATALOG_COMPILER_GLOBAL_ACCENT_COLOR_NAME = AccentColor;
				CODE_SIGN_STYLE = Automatic;
				CURRENT_PROJECT_VERSION = 1;
				DEVELOPMENT_TEAM = AJZU6D5G5D;
				GENERATE_INFOPLIST_FILE = YES;
				INFOPLIST_FILE = "Milestone 13-15/Info.plist";
				INFOPLIST_KEY_UIApplicationSupportsIndirectInputEvents = YES;
				INFOPLIST_KEY_UILaunchStoryboardName = LaunchScreen;
				INFOPLIST_KEY_UIMainStoryboardFile = Main;
				INFOPLIST_KEY_UISupportedInterfaceOrientations_iPad = "UIInterfaceOrientationPortrait UIInterfaceOrientationPortraitUpsideDown UIInterfaceOrientationLandscapeLeft UIInterfaceOrientationLandscapeRight";
				INFOPLIST_KEY_UISupportedInterfaceOrientations_iPhone = "UIInterfaceOrientationPortrait UIInterfaceOrientationLandscapeLeft UIInterfaceOrientationLandscapeRight";
				LD_RUNPATH_SEARCH_PATHS = (
					"$(inherited)",
					"@executable_path/Frameworks",
				);
				MARKETING_VERSION = 1.0;
				PRODUCT_BUNDLE_IDENTIFIER = "com.clementvillanueva.Milestone-13-15";
				PRODUCT_NAME = "$(TARGET_NAME)";
				SWIFT_EMIT_LOC_STRINGS = YES;
				SWIFT_VERSION = 5.0;
				TARGETED_DEVICE_FAMILY = "1,2";
			};
			name = Debug;
		};
		EB7EF57028B2909A00CFB065 /* Release */ = {
			isa = XCBuildConfiguration;
			buildSettings = {
				ASSETCATALOG_COMPILER_APPICON_NAME = AppIcon;
				ASSETCATALOG_COMPILER_GLOBAL_ACCENT_COLOR_NAME = AccentColor;
				CODE_SIGN_STYLE = Automatic;
				CURRENT_PROJECT_VERSION = 1;
				DEVELOPMENT_TEAM = AJZU6D5G5D;
				GENERATE_INFOPLIST_FILE = YES;
				INFOPLIST_FILE = "Milestone 13-15/Info.plist";
				INFOPLIST_KEY_UIApplicationSupportsIndirectInputEvents = YES;
				INFOPLIST_KEY_UILaunchStoryboardName = LaunchScreen;
				INFOPLIST_KEY_UIMainStoryboardFile = Main;
				INFOPLIST_KEY_UISupportedInterfaceOrientations_iPad = "UIInterfaceOrientationPortrait UIInterfaceOrientationPortraitUpsideDown UIInterfaceOrientationLandscapeLeft UIInterfaceOrientationLandscapeRight";
				INFOPLIST_KEY_UISupportedInterfaceOrientations_iPhone = "UIInterfaceOrientationPortrait UIInterfaceOrientationLandscapeLeft UIInterfaceOrientationLandscapeRight";
				LD_RUNPATH_SEARCH_PATHS = (
					"$(inherited)",
					"@executable_path/Frameworks",
				);
				MARKETING_VERSION = 1.0;
				PRODUCT_BUNDLE_IDENTIFIER = "com.clementvillanueva.Milestone-13-15";
				PRODUCT_NAME = "$(TARGET_NAME)";
				SWIFT_EMIT_LOC_STRINGS = YES;
				SWIFT_VERSION = 5.0;
				TARGETED_DEVICE_FAMILY = "1,2";
			};
			name = Release;
		};
/* End XCBuildConfiguration section */

/* Begin XCConfigurationList section */
		EB7EF55528B2909600CFB065 /* Build configuration list for PBXProject "Milestone 13-15" */ = {
			isa = XCConfigurationList;
			buildConfigurations = (
				EB7EF56C28B2909A00CFB065 /* Debug */,
				EB7EF56D28B2909A00CFB065 /* Release */,
			);
			defaultConfigurationIsVisible = 0;
			defaultConfigurationName = Release;
		};
		EB7EF56E28B2909A00CFB065 /* Build configuration list for PBXNativeTarget "Milestone 13-15" */ = {
			isa = XCConfigurationList;
			buildConfigurations = (
				EB7EF56F28B2909A00CFB065 /* Debug */,
				EB7EF57028B2909A00CFB065 /* Release */,
			);
			defaultConfigurationIsVisible = 0;
			defaultConfigurationName = Release;
		};
/* End XCConfigurationList section */
	};
	rootObject = EB7EF55228B2909600CFB065 /* Project object */;
}
