// !$*UTF8*$!
{
	archiveVersion = 1;
	classes = {
	};
	objectVersion = 55;
	objects = {

/* Begin PBXBuildFile section */
		EB82A80128BA577800692FB0 /* AppDelegate.swift in Sources */ = {isa = PBXBuildFile; fileRef = EB82A80028BA577800692FB0 /* AppDelegate.swift */; };
		EB82A80328BA577800692FB0 /* GameScene.sks in Resources */ = {isa = PBXBuildFile; fileRef = EB82A80228BA577800692FB0 /* GameScene.sks */; };
		EB82A80528BA577800692FB0 /* Actions.sks in Resources */ = {isa = PBXBuildFile; fileRef = EB82A80428BA577800692FB0 /* Actions.sks */; };
		EB82A80728BA577800692FB0 /* GameScene.swift in Sources */ = {isa = PBXBuildFile; fileRef = EB82A80628BA577800692FB0 /* GameScene.swift */; };
		EB82A80928BA577800692FB0 /* GameViewController.swift in Sources */ = {isa = PBXBuildFile; fileRef = EB82A80828BA577800692FB0 /* GameViewController.swift */; };
		EB82A80C28BA577800692FB0 /* Main.storyboard in Resources */ = {isa = PBXBuildFile; fileRef = EB82A80A28BA577800692FB0 /* Main.storyboard */; };
		EB82A80E28BA577A00692FB0 /* Assets.xcassets in Resources */ = {isa = PBXBuildFile; fileRef = EB82A80D28BA577A00692FB0 /* Assets.xcassets */; };
		EB82A81128BA577A00692FB0 /* LaunchScreen.storyboard in Resources */ = {isa = PBXBuildFile; fileRef = EB82A80F28BA577A00692FB0 /* LaunchScreen.storyboard */; };
		EBE3C1CC28BD245B0018CAB3 /* starfield.sks in Resources */ = {isa = PBXBuildFile; fileRef = EBE3C1CA28BD245B0018CAB3 /* starfield.sks */; };
		EBE3C1CD28BD245B0018CAB3 /* explosion.sks in Resources */ = {isa = PBXBuildFile; fileRef = EBE3C1CB28BD245B0018CAB3 /* explosion.sks */; };
/* End PBXBuildFile section */

/* Begin PBXFileReference section */
		EB82A7FD28BA577800692FB0 /* Project 17.app */ = {isa = PBXFileReference; explicitFileType = wrapper.application; includeInIndex = 0; path = "Project 17.app"; sourceTree = BUILT_PRODUCTS_DIR; };
		EB82A80028BA577800692FB0 /* AppDelegate.swift */ = {isa = PBXFileReference; lastKnownFileType = sourcecode.swift; path = AppDelegate.swift; sourceTree = "<group>"; };
		EB82A80228BA577800692FB0 /* GameScene.sks */ = {isa = PBXFileReference; lastKnownFileType = file.sks; path = GameScene.sks; sourceTree = "<group>"; };
		EB82A80428BA577800692FB0 /* Actions.sks */ = {isa = PBXFileReference; lastKnownFileType = file.sks; path = Actions.sks; sourceTree = "<group>"; };
		EB82A80628BA577800692FB0 /* GameScene.swift */ = {isa = PBXFileReference; lastKnownFileType = sourcecode.swift; path = GameScene.swift; sourceTree = "<group>"; };
		EB82A80828BA577800692FB0 /* GameViewController.swift */ = {isa = PBXFileReference; lastKnownFileType = sourcecode.swift; path = GameViewController.swift; sourceTree = "<group>"; };
		EB82A80B28BA577800692FB0 /* Base */ = {isa = PBXFileReference; lastKnownFileType = file.storyboard; name = Base; path = Base.lproj/Main.storyboard; sourceTree = "<group>"; };
		EB82A80D28BA577A00692FB0 /* Assets.xcassets */ = {isa = PBXFileReference; lastKnownFileType = folder.assetcatalog; path = Assets.xcassets; sourceTree = "<group>"; };
		EB82A81028BA577A00692FB0 /* Base */ = {isa = PBXFileReference; lastKnownFileType = file.storyboard; name = Base; path = Base.lproj/LaunchScreen.storyboard; sourceTree = "<group>"; };
		EBE3C1CA28BD245B0018CAB3 /* starfield.sks */ = {isa = PBXFileReference; lastKnownFileType = file.sks; path = starfield.sks; sourceTree = "<group>"; };
		EBE3C1CB28BD245B0018CAB3 /* explosion.sks */ = {isa = PBXFileReference; lastKnownFileType = file.sks; path = explosion.sks; sourceTree = "<group>"; };
/* End PBXFileReference section */

/* Begin PBXFrameworksBuildPhase section */
		EB82A7FA28BA577800692FB0 /* Frameworks */ = {
			isa = PBXFrameworksBuildPhase;
			buildActionMask = 2147483647;
			files = (
			);
			runOnlyForDeploymentPostprocessing = 0;
		};
/* End PBXFrameworksBuildPhase section */

/* Begin PBXGroup section */
		EB82A7F428BA577800692FB0 = {
			isa = PBXGroup;
			children = (
				EB82A7FF28BA577800692FB0 /* Project 17 */,
				EB82A7FE28BA577800692FB0 /* Products */,
			);
			sourceTree = "<group>";
		};
		EB82A7FE28BA577800692FB0 /* Products */ = {
			isa = PBXGroup;
			children = (
				EB82A7FD28BA577800692FB0 /* Project 17.app */,
			);
			name = Products;
			sourceTree = "<group>";
		};
		EB82A7FF28BA577800692FB0 /* Project 17 */ = {
			isa = PBXGroup;
			children = (
				EB82A80028BA577800692FB0 /* AppDelegate.swift */,
				EB82A80228BA577800692FB0 /* GameScene.sks */,
				EB82A80428BA577800692FB0 /* Actions.sks */,
				EB82A80628BA577800692FB0 /* GameScene.swift */,
				EB82A80828BA577800692FB0 /* GameViewController.swift */,
				EB82A80A28BA577800692FB0 /* Main.storyboard */,
				EB82A80D28BA577A00692FB0 /* Assets.xcassets */,
				EB82A80F28BA577A00692FB0 /* LaunchScreen.storyboard */,
				EBE3C1CB28BD245B0018CAB3 /* explosion.sks */,
				EBE3C1CA28BD245B0018CAB3 /* starfield.sks */,
			);
			path = "Project 17";
			sourceTree = "<group>";
		};
/* End PBXGroup section */

/* Begin PBXNativeTarget section */
		EB82A7FC28BA577800692FB0 /* Project 17 */ = {
			isa = PBXNativeTarget;
			buildConfigurationList = EB82A81428BA577A00692FB0 /* Build configuration list for PBXNativeTarget "Project 17" */;
			buildPhases = (
				EB82A7F928BA577800692FB0 /* Sources */,
				EB82A7FA28BA577800692FB0 /* Frameworks */,
				EB82A7FB28BA577800692FB0 /* Resources */,
			);
			buildRules = (
			);
			dependencies = (
			);
			name = "Project 17";
			productName = "Project 17";
			productReference = EB82A7FD28BA577800692FB0 /* Project 17.app */;
			productType = "com.apple.product-type.application";
		};
/* End PBXNativeTarget section */

/* Begin PBXProject section */
		EB82A7F528BA577800692FB0 /* Project object */ = {
			isa = PBXProject;
			attributes = {
				BuildIndependentTargetsInParallel = 1;
				LastSwiftUpdateCheck = 1340;
				LastUpgradeCheck = 1340;
				TargetAttributes = {
					EB82A7FC28BA577800692FB0 = {
						CreatedOnToolsVersion = 13.4.1;
					};
				};
			};
			buildConfigurationList = EB82A7F828BA577800692FB0 /* Build configuration list for PBXProject "Project 17" */;
			compatibilityVersion = "Xcode 13.0";
			developmentRegion = en;
			hasScannedForEncodings = 0;
			knownRegions = (
				en,
				Base,
			);
			mainGroup = EB82A7F428BA577800692FB0;
			productRefGroup = EB82A7FE28BA577800692FB0 /* Products */;
			projectDirPath = "";
			projectRoot = "";
			targets = (
				EB82A7FC28BA577800692FB0 /* Project 17 */,
			);
		};
/* End PBXProject section */

/* Begin PBXResourcesBuildPhase section */
		EB82A7FB28BA577800692FB0 /* Resources */ = {
			isa = PBXResourcesBuildPhase;
			buildActionMask = 2147483647;
			files = (
				EB82A80C28BA577800692FB0 /* Main.storyboard in Resources */,
				EB82A80328BA577800692FB0 /* GameScene.sks in Resources */,
				EB82A80E28BA577A00692FB0 /* Assets.xcassets in Resources */,
				EB82A81128BA577A00692FB0 /* LaunchScreen.storyboard in Resources */,
				EBE3C1CD28BD245B0018CAB3 /* explosion.sks in Resources */,
				EBE3C1CC28BD245B0018CAB3 /* starfield.sks in Resources */,
				EB82A80528BA577800692FB0 /* Actions.sks in Resources */,
			);
			runOnlyForDeploymentPostprocessing = 0;
		};
/* End PBXResourcesBuildPhase section */

/* Begin PBXSourcesBuildPhase section */
		EB82A7F928BA577800692FB0 /* Sources */ = {
			isa = PBXSourcesBuildPhase;
			buildActionMask = 2147483647;
			files = (
				EB82A80728BA577800692FB0 /* GameScene.swift in Sources */,
				EB82A80928BA577800692FB0 /* GameViewController.swift in Sources */,
				EB82A80128BA577800692FB0 /* AppDelegate.swift in Sources */,
			);
			runOnlyForDeploymentPostprocessing = 0;
		};
/* End PBXSourcesBuildPhase section */

/* Begin PBXVariantGroup section */
		EB82A80A28BA577800692FB0 /* Main.storyboard */ = {
			isa = PBXVariantGroup;
			children = (
				EB82A80B28BA577800692FB0 /* Base */,
			);
			name = Main.storyboard;
			sourceTree = "<group>";
		};
		EB82A80F28BA577A00692FB0 /* LaunchScreen.storyboard */ = {
			isa = PBXVariantGroup;
			children = (
				EB82A81028BA577A00692FB0 /* Base */,
			);
			name = LaunchScreen.storyboard;
			sourceTree = "<group>";
		};
/* End PBXVariantGroup section */

/* Begin XCBuildConfiguration section */
		EB82A81228BA577A00692FB0 /* Debug */ = {
			isa = XCBuildConfiguration;
			buildSettings = {
				ALWAYS_SEARCH_USER_PATHS = NO;
				CLANG_ANALYZER_NONNULL = YES;
				CLANG_ANALYZER_NUMBER_OBJECT_CONVERSION = YES_AGGRESSIVE;
				CLANG_CXX_LANGUAGE_STANDARD = "gnu++17";
				CLANG_ENABLE_MODULES = YES;
				CLANG_ENABLE_OBJC_ARC = YES;
				CLANG_ENABLE_OBJC_WEAK = YES;
				CLANG_WARN_BLOCK_CAPTURE_AUTORELEASING = YES;
				CLANG_WARN_BOOL_CONVERSION = YES;
				CLANG_WARN_COMMA = YES;
				CLANG_WARN_CONSTANT_CONVERSION = YES;
				CLANG_WARN_DEPRECATED_OBJC_IMPLEMENTATIONS = YES;
				CLANG_WARN_DIRECT_OBJC_ISA_USAGE = YES_ERROR;
				CLANG_WARN_DOCUMENTATION_COMMENTS = YES;
				CLANG_WARN_EMPTY_BODY = YES;
				CLANG_WARN_ENUM_CONVERSION = YES;
				CLANG_WARN_INFINITE_RECURSION = YES;
				CLANG_WARN_INT_CONVERSION = YES;
				CLANG_WARN_NON_LITERAL_NULL_CONVERSION = YES;
				CLANG_WARN_OBJC_IMPLICIT_RETAIN_SELF = YES;
				CLANG_WARN_OBJC_LITERAL_CONVERSION = YES;
				CLANG_WARN_OBJC_ROOT_CLASS = YES_ERROR;
				CLANG_WARN_QUOTED_INCLUDE_IN_FRAMEWORK_HEADER = YES;
				CLANG_WARN_RANGE_LOOP_ANALYSIS = YES;
				CLANG_WARN_STRICT_PROTOTYPES = YES;
				CLANG_WARN_SUSPICIOUS_MOVE = YES;
				CLANG_WARN_UNGUARDED_AVAILABILITY = YES_AGGRESSIVE;
				CLANG_WARN_UNREACHABLE_CODE = YES;
				CLANG_WARN__DUPLICATE_METHOD_MATCH = YES;
				COPY_PHASE_STRIP = NO;
				DEBUG_INFORMATION_FORMAT = dwarf;
				ENABLE_STRICT_OBJC_MSGSEND = YES;
				ENABLE_TESTABILITY = YES;
				GCC_C_LANGUAGE_STANDARD = gnu11;
				GCC_DYNAMIC_NO_PIC = NO;
				GCC_NO_COMMON_BLOCKS = YES;
				GCC_OPTIMIZATION_LEVEL = 0;
				GCC_PREPROCESSOR_DEFINITIONS = (
					"DEBUG=1",
					"$(inherited)",
				);
				GCC_WARN_64_TO_32_BIT_CONVERSION = YES;
				GCC_WARN_ABOUT_RETURN_TYPE = YES_ERROR;
				GCC_WARN_UNDECLARED_SELECTOR = YES;
				GCC_WARN_UNINITIALIZED_AUTOS = YES_AGGRESSIVE;
				GCC_WARN_UNUSED_FUNCTION = YES;
				GCC_WARN_UNUSED_VARIABLE = YES;
				IPHONEOS_DEPLOYMENT_TARGET = 15.5;
				MTL_ENABLE_DEBUG_INFO = INCLUDE_SOURCE;
				MTL_FAST_MATH = YES;
				ONLY_ACTIVE_ARCH = YES;
				SDKROOT = iphoneos;
				SWIFT_ACTIVE_COMPILATION_CONDITIONS = DEBUG;
				SWIFT_OPTIMIZATION_LEVEL = "-Onone";
			};
			name = Debug;
		};
		EB82A81328BA577A00692FB0 /* Release */ = {
			isa = XCBuildConfiguration;
			buildSettings = {
				ALWAYS_SEARCH_USER_PATHS = NO;
				CLANG_ANALYZER_NONNULL = YES;
				CLANG_ANALYZER_NUMBER_OBJECT_CONVERSION = YES_AGGRESSIVE;
				CLANG_CXX_LANGUAGE_STANDARD = "gnu++17";
				CLANG_ENABLE_MODULES = YES;
				CLANG_ENABLE_OBJC_ARC = YES;
				CLANG_ENABLE_OBJC_WEAK = YES;
				CLANG_WARN_BLOCK_CAPTURE_AUTORELEASING = YES;
				CLANG_WARN_BOOL_CONVERSION = YES;
				CLANG_WARN_COMMA = YES;
				CLANG_WARN_CONSTANT_CONVERSION = YES;
				CLANG_WARN_DEPRECATED_OBJC_IMPLEMENTATIONS = YES;
				CLANG_WARN_DIRECT_OBJC_ISA_USAGE = YES_ERROR;
				CLANG_WARN_DOCUMENTATION_COMMENTS = YES;
				CLANG_WARN_EMPTY_BODY = YES;
				CLANG_WARN_ENUM_CONVERSION = YES;
				CLANG_WARN_INFINITE_RECURSION = YES;
				CLANG_WARN_INT_CONVERSION = YES;
				CLANG_WARN_NON_LITERAL_NULL_CONVERSION = YES;
				CLANG_WARN_OBJC_IMPLICIT_RETAIN_SELF = YES;
				CLANG_WARN_OBJC_LITERAL_CONVERSION = YES;
				CLANG_WARN_OBJC_ROOT_CLASS = YES_ERROR;
				CLANG_WARN_QUOTED_INCLUDE_IN_FRAMEWORK_HEADER = YES;
				CLANG_WARN_RANGE_LOOP_ANALYSIS = YES;
				CLANG_WARN_STRICT_PROTOTYPES = YES;
				CLANG_WARN_SUSPICIOUS_MOVE = YES;
				CLANG_WARN_UNGUARDED_AVAILABILITY = YES_AGGRESSIVE;
				CLANG_WARN_UNREACHABLE_CODE = YES;
				CLANG_WARN__DUPLICATE_METHOD_MATCH = YES;
				COPY_PHASE_STRIP = NO;
				DEBUG_INFORMATION_FORMAT = "dwarf-with-dsym";
				ENABLE_NS_ASSERTIONS = NO;
				ENABLE_STRICT_OBJC_MSGSEND = YES;
				GCC_C_LANGUAGE_STANDARD = gnu11;
				GCC_NO_COMMON_BLOCKS = YES;
				GCC_WARN_64_TO_32_BIT_CONVERSION = YES;
				GCC_WARN_ABOUT_RETURN_TYPE = YES_ERROR;
				GCC_WARN_UNDECLARED_SELECTOR = YES;
				GCC_WARN_UNINITIALIZED_AUTOS = YES_AGGRESSIVE;
				GCC_WARN_UNUSED_FUNCTION = YES;
				GCC_WARN_UNUSED_VARIABLE = YES;
				IPHONEOS_DEPLOYMENT_TARGET = 15.5;
				MTL_ENABLE_DEBUG_INFO = NO;
				MTL_FAST_MATH = YES;
				SDKROOT = iphoneos;
				SWIFT_COMPILATION_MODE = wholemodule;
				SWIFT_OPTIMIZATION_LEVEL = "-O";
				VALIDATE_PRODUCT = YES;
			};
			name = Release;
		};
		EB82A81528BA577A00692FB0 /* Debug */ = {
			isa = XCBuildConfiguration;
			buildSettings = {
				ASSETCATALOG_COMPILER_APPICON_NAME = AppIcon;
				ASSETCATALOG_COMPILER_GLOBAL_ACCENT_COLOR_NAME = AccentColor;
				CODE_SIGN_STYLE = Automatic;
				CURRENT_PROJECT_VERSION = 1;
				DEVELOPMENT_TEAM = AJZU6D5G5D;
				GENERATE_INFOPLIST_FILE = YES;
				INFOPLIST_KEY_UIApplicationSupportsIndirectInputEvents = YES;
				INFOPLIST_KEY_UILaunchStoryboardName = LaunchScreen;
				INFOPLIST_KEY_UIMainStoryboardFile = Main;
				INFOPLIST_KEY_UIRequiresFullScreen = YES;
				INFOPLIST_KEY_UIStatusBarHidden = YES;
				INFOPLIST_KEY_UISupportedInterfaceOrientations_iPad = "UIInterfaceOrientationLandscapeLeft UIInterfaceOrientationLandscapeRight";
				INFOPLIST_KEY_UISupportedInterfaceOrientations_iPhone = "UIInterfaceOrientationPortrait UIInterfaceOrientationLandscapeLeft UIInterfaceOrientationLandscapeRight";
				LD_RUNPATH_SEARCH_PATHS = (
					"$(inherited)",
					"@executable_path/Frameworks",
				);
				MARKETING_VERSION = 1.0;
				PRODUCT_BUNDLE_IDENTIFIER = "com.clementvillanueva.Project-17";
				PRODUCT_NAME = "$(TARGET_NAME)";
				SWIFT_EMIT_LOC_STRINGS = YES;
				SWIFT_VERSION = 5.0;
				TARGETED_DEVICE_FAMILY = 2;
			};
			name = Debug;
		};
		EB82A81628BA577A00692FB0 /* Release */ = {
			isa = XCBuildConfiguration;
			buildSettings = {
				ASSETCATALOG_COMPILER_APPICON_NAME = AppIcon;
				ASSETCATALOG_COMPILER_GLOBAL_ACCENT_COLOR_NAME = AccentColor;
				CODE_SIGN_STYLE = Automatic;
				CURRENT_PROJECT_VERSION = 1;
				DEVELOPMENT_TEAM = AJZU6D5G5D;
				GENERATE_INFOPLIST_FILE = YES;
				INFOPLIST_KEY_UIApplicationSupportsIndirectInputEvents = YES;
				INFOPLIST_KEY_UILaunchStoryboardName = LaunchScreen;
				INFOPLIST_KEY_UIMainStoryboardFile = Main;
				INFOPLIST_KEY_UIRequiresFullScreen = YES;
				INFOPLIST_KEY_UIStatusBarHidden = YES;
				INFOPLIST_KEY_UISupportedInterfaceOrientations_iPad = "UIInterfaceOrientationLandscapeLeft UIInterfaceOrientationLandscapeRight";
				INFOPLIST_KEY_UISupportedInterfaceOrientations_iPhone = "UIInterfaceOrientationPortrait UIInterfaceOrientationLandscapeLeft UIInterfaceOrientationLandscapeRight";
				LD_RUNPATH_SEARCH_PATHS = (
					"$(inherited)",
					"@executable_path/Frameworks",
				);
				MARKETING_VERSION = 1.0;
				PRODUCT_BUNDLE_IDENTIFIER = "com.clementvillanueva.Project-17";
				PRODUCT_NAME = "$(TARGET_NAME)";
				SWIFT_EMIT_LOC_STRINGS = YES;
				SWIFT_VERSION = 5.0;
				TARGETED_DEVICE_FAMILY = 2;
			};
			name = Release;
		};
/* End XCBuildConfiguration section */

/* Begin XCConfigurationList section */
		EB82A7F828BA577800692FB0 /* Build configuration list for PBXProject "Project 17" */ = {
			isa = XCConfigurationList;
			buildConfigurations = (
				EB82A81228BA577A00692FB0 /* Debug */,
				EB82A81328BA577A00692FB0 /* Release */,
			);
			defaultConfigurationIsVisible = 0;
			defaultConfigurationName = Release;
		};
		EB82A81428BA577A00692FB0 /* Build configuration list for PBXNativeTarget "Project 17" */ = {
			isa = XCConfigurationList;
			buildConfigurations = (
				EB82A81528BA577A00692FB0 /* Debug */,
				EB82A81628BA577A00692FB0 /* Release */,
			);
			defaultConfigurationIsVisible = 0;
			defaultConfigurationName = Release;
		};
/* End XCConfigurationList section */
	};
	rootObject = EB82A7F528BA577800692FB0 /* Project object */;
}
